
Microsoft Visual Studio Solution File, Format Version 12.00
# Visual Studio Version 17
VisualStudioVersion = 17.2.32630.192
MinimumVisualStudioVersion = 10.0.40219.1
Project("{9A19103F-16F7-4668-BE54-9A1E7A4F7556}") = "EvaluacionIV_DB", "EvaluacionIV_DB\EvaluacionIV_DB.csproj", "{BC9806A8-607E-4192-A615-805F2C0D0233}"
EndProject
Global
	GlobalSection(SolutionConfigurationPlatforms) = preSolution
		Debug|Any CPU = Debug|Any CPU
		Release|Any CPU = Release|Any CPU
	EndGlobalSection
	GlobalSection(ProjectConfigurationPlatforms) = postSolution
		{BC9806A8-607E-4192-A615-805F2C0D0233}.Debug|Any CPU.ActiveCfg = Debug|Any CPU
		{BC9806A8-607E-4192-A615-805F2C0D0233}.Debug|Any CPU.Build.0 = Debug|Any CPU
		{BC9806A8-607E-4192-A615-805F2C0D0233}.Release|Any CPU.ActiveCfg = Release|Any CPU
		{BC9806A8-607E-4192-A615-805F2C0D0233}.Release|Any CPU.Build.0 = Release|Any CPU
	EndGlobalSection
	GlobalSection(SolutionProperties) = preSolution
		HideSolutionNode = FALSE
	EndGlobalSection
	GlobalSection(ExtensibilityGlobals) = postSolution
		SolutionGuid = {C05B54E3-7364-4137-9676-772241C2C83F}
	EndGlobalSection
EndGlobal
